
Microsoft Visual Studio Solution File, Format Version 12.00
# Visual Studio Version 16
VisualStudioVersion = 16.0.30907.101
MinimumVisualStudioVersion = 10.0.40219.1
Project("{FAE04EC0-301F-11D3-BF4B-00C04F79EFBC}") = "EvaluacionClase", "EvaluacionClase.csproj", "{9B5AC73C-E24C-429A-B3CA-A6F72387323D}"
EndProject
Global
	GlobalSection(SolutionConfigurationPlatforms) = preSolution
		Debug|Any CPU = Debug|Any CPU
		Release|Any CPU = Release|Any CPU
	EndGlobalSection
	GlobalSection(ProjectConfigurationPlatforms) = postSolution
		{9B5AC73C-E24C-429A-B3CA-A6F72387323D}.Debug|Any CPU.ActiveCfg = Debug|Any CPU
		{9B5AC73C-E24C-429A-B3CA-A6F72387323D}.Debug|Any CPU.Build.0 = Debug|Any CPU
		{9B5AC73C-E24C-429A-B3CA-A6F72387323D}.Release|Any CPU.ActiveCfg = Release|Any CPU
		{9B5AC73C-E24C-429A-B3CA-A6F72387323D}.Release|Any CPU.Build.0 = Release|Any CPU
	EndGlobalSection
	GlobalSection(SolutionProperties) = preSolution
		HideSolutionNode = FALSE
	EndGlobalSection
	GlobalSection(ExtensibilityGlobals) = postSolution
		SolutionGuid = {11E0BDC0-BE35-4934-9DEE-8373471019FF}
	EndGlobalSection
EndGlobal
